[plugins.combat-core]
plugin_id = "combat-core"
version = "0.1.0"
enabled = true
source = "local-build"
trust_class = "trusted-local-build"

[plugins.depot-storage]
plugin_id = "depot-storage"
version = "0.1.0"
enabled = true
source = "local-build"
trust_class = "trusted-local-build"

[plugins.empire-upkeep]
plugin_id = "empire-upkeep"
version = "0.1.0"
enabled = true
source = "local-build"
trust_class = "trusted-local-build"

[plugins.fog-of-war]
plugin_id = "fog-of-war"
version = "0.1.0"
enabled = true
source = "local-build"
trust_class = "trusted-local-build"

[plugins.pve-spawning]
plugin_id = "pve-spawning"
version = "0.1.0"
enabled = true
source = "local-build"
trust_class = "trusted-local-build"

[plugins.resource-decay]
plugin_id = "resource-decay"
version = "0.1.0"
enabled = false
source = "local-build"
trust_class = "trusted-local-build"

[plugins.special-attacks]
plugin_id = "special-attacks"
version = "0.1.0"
enabled = true
source = "local-build"
trust_class = "trusted-local-build"

[plugins.vanilla-boss]
plugin_id = "vanilla-boss"
version = "0.1.0"
enabled = true
source = "local-build"
trust_class = "trusted-local-build"
